
Microsoft Visual Studio Solution File, Format Version 12.00
# Visual Studio Version 17
VisualStudioVersion = 17.7.34221.43
MinimumVisualStudioVersion = 10.0.40219.1
Project("{FAE04EC0-301F-11D3-BF4B-00C04F79EFBC}") = "Labmem1", "Labmem1\Labmem1.csproj", "{5BAF1739-8206-4BF4-8E23-45A8BD4727BF}"
EndProject
Global
	GlobalSection(SolutionConfigurationPlatforms) = preSolution
		Debug|Any CPU = Debug|Any CPU
		Release|Any CPU = Release|Any CPU
	EndGlobalSection
	GlobalSection(ProjectConfigurationPlatforms) = postSolution
		{5BAF1739-8206-4BF4-8E23-45A8BD4727BF}.Debug|Any CPU.ActiveCfg = Debug|Any CPU
		{5BAF1739-8206-4BF4-8E23-45A8BD4727BF}.Debug|Any CPU.Build.0 = Debug|Any CPU
		{5BAF1739-8206-4BF4-8E23-45A8BD4727BF}.Release|Any CPU.ActiveCfg = Release|Any CPU
		{5BAF1739-8206-4BF4-8E23-45A8BD4727BF}.Release|Any CPU.Build.0 = Release|Any CPU
	EndGlobalSection
	GlobalSection(SolutionProperties) = preSolution
		HideSolutionNode = FALSE
	EndGlobalSection
	GlobalSection(ExtensibilityGlobals) = postSolution
		SolutionGuid = {0016F637-5186-490B-8718-CED746C008F2}
	EndGlobalSection
EndGlobal
